
Microsoft Visual Studio Solution File, Format Version 12.00
# Visual Studio 15
VisualStudioVersion = 15.0.27004.2009
MinimumVisualStudioVersion = 10.0.40219.1
Project("{FAE04EC0-301F-11D3-BF4B-00C04F79EFBC}") = "assignment_2_car_rental_system", "assignment_2_car_rental_system\assignment_2_car_rental_system.csproj", "{CA3FEE8F-00CD-4CEA-9B17-0C85E9AF3973}"
EndProject
Project("{FAE04EC0-301F-11D3-BF4B-00C04F79EFBC}") = "CarRentalSystemUnitTesting", "CarRentalSystemUnitTesting\CarRentalSystemUnitTesting.csproj", "{ADFE2CA6-6A9C-47B9-AB59-B137C14660E7}"
EndProject
Global
	GlobalSection(SolutionConfigurationPlatforms) = preSolution
		Debug|Any CPU = Debug|Any CPU
		Release|Any CPU = Release|Any CPU
	EndGlobalSection
	GlobalSection(ProjectConfigurationPlatforms) = postSolution
		{CA3FEE8F-00CD-4CEA-9B17-0C85E9AF3973}.Debug|Any CPU.ActiveCfg = Debug|Any CPU
		{CA3FEE8F-00CD-4CEA-9B17-0C85E9AF3973}.Debug|Any CPU.Build.0 = Debug|Any CPU
		{CA3FEE8F-00CD-4CEA-9B17-0C85E9AF3973}.Release|Any CPU.ActiveCfg = Release|Any CPU
		{CA3FEE8F-00CD-4CEA-9B17-0C85E9AF3973}.Release|Any CPU.Build.0 = Release|Any CPU
		{ADFE2CA6-6A9C-47B9-AB59-B137C14660E7}.Debug|Any CPU.ActiveCfg = Debug|Any CPU
		{ADFE2CA6-6A9C-47B9-AB59-B137C14660E7}.Debug|Any CPU.Build.0 = Debug|Any CPU
		{ADFE2CA6-6A9C-47B9-AB59-B137C14660E7}.Release|Any CPU.ActiveCfg = Release|Any CPU
		{ADFE2CA6-6A9C-47B9-AB59-B137C14660E7}.Release|Any CPU.Build.0 = Release|Any CPU
	EndGlobalSection
	GlobalSection(SolutionProperties) = preSolution
		HideSolutionNode = FALSE
	EndGlobalSection
	GlobalSection(ExtensibilityGlobals) = postSolution
		SolutionGuid = {4F992CD2-25B0-4C7E-8FB8-F182A248F028}
	EndGlobalSection
EndGlobal
